// !$*UTF8*$!
{
	archiveVersion = 1;
	classes = {
	};
	objectVersion = 54;
	objects = {

/* Begin PBXBuildFile section */
		00E356F31AD99517003FC87E /* SayacAppTests.m in Sources */ = {isa = PBXBuildFile; fileRef = 00E356F21AD99517003FC87E /* SayacAppTests.m */; };
		13B07FBC1A68108700A75B9A /* AppDelegate.m in Sources */ = {isa = PBXBuildFile; fileRef = 13B07FB01A68108700A75B9A /* AppDelegate.m */; };
		13B07FBF1A68108700A75B9A /* Images.xcassets in Resources */ = {isa = PBXBuildFile; fileRef = 13B07FB51A68108700A75B9A /* Images.xcassets */; };
		13B07FC11A68108700A75B9A /* main.m in Sources */ = {isa = PBXBuildFile; fileRef = 13B07FB71A68108700A75B9A /* main.m */; };
		81AB9BB82411601600AC10FF /* LaunchScreen.storyboard in Resources */ = {isa = PBXBuildFile; fileRef = 81AB9BB72411601600AC10FF /* LaunchScreen.storyboard */; };
<<<<<<< HEAD
		593E1AD3E46443129DDCB31A /* Gilroy-Black.otf in Resources */ = {isa = PBXBuildFile; fileRef = 804A0CFEB7484FFDBF647BED /* Gilroy-Black.otf */; };
		B441575CA00844578D7CC9FF /* Gilroy-BlackItalic.otf in Resources */ = {isa = PBXBuildFile; fileRef = 598C7A71B8FD40C0AD472EC6 /* Gilroy-BlackItalic.otf */; };
		580F035A237D476C83DE3195 /* Gilroy-Bold.otf in Resources */ = {isa = PBXBuildFile; fileRef = A4E450DFD3FF4A0ABFCF50EB /* Gilroy-Bold.otf */; };
		B5D6AB8B551443F3BF51BB13 /* Gilroy-BoldItalic.otf in Resources */ = {isa = PBXBuildFile; fileRef = 81448288F7534202AE45DDCE /* Gilroy-BoldItalic.otf */; };
		9F06E0AC64F84F57A3142A20 /* Gilroy-Extrabold.otf in Resources */ = {isa = PBXBuildFile; fileRef = E135096A7D924285A9AAF6EC /* Gilroy-Extrabold.otf */; };
		AD38A1F4521843C1AF680A4B /* Gilroy-ExtraboldItalic.otf in Resources */ = {isa = PBXBuildFile; fileRef = 0E79EC7282A74376B8DECEE5 /* Gilroy-ExtraboldItalic.otf */; };
		5820C2141727432F8C0204FD /* Gilroy-Heavy.otf in Resources */ = {isa = PBXBuildFile; fileRef = 499F013427414BD99EF1D330 /* Gilroy-Heavy.otf */; };
		2FB8ABC9A46F4AEAA7D7A085 /* Gilroy-HeavyItalic.otf in Resources */ = {isa = PBXBuildFile; fileRef = 43C17ECBD6CE4EA2A7EF301C /* Gilroy-HeavyItalic.otf */; };
		EE4120D8A0B5436795269970 /* Gilroy-Light.otf in Resources */ = {isa = PBXBuildFile; fileRef = 6335C4FC1E994289A1AB5721 /* Gilroy-Light.otf */; };
		24416D451D5F434AAE214897 /* Gilroy-LightItalic.otf in Resources */ = {isa = PBXBuildFile; fileRef = 974D5B42B67445FA8EEC7277 /* Gilroy-LightItalic.otf */; };
		00987D70244E44A7BD1E28B3 /* Gilroy-Medium.otf in Resources */ = {isa = PBXBuildFile; fileRef = 1BEB98B249474FFB81FEE47E /* Gilroy-Medium.otf */; };
		339B1199A6D6460A970A6AE6 /* Gilroy-MediumItalic.otf in Resources */ = {isa = PBXBuildFile; fileRef = 2337B37EC7B54E9EB5753951 /* Gilroy-MediumItalic.otf */; };
		0D2C28EB35B140858DDED22F /* Gilroy-Regular.otf in Resources */ = {isa = PBXBuildFile; fileRef = AEF0F821589F48D78D5C3C13 /* Gilroy-Regular.otf */; };
		875A0545B0D14D09AE735D8D /* Gilroy-RegularItalic.otf in Resources */ = {isa = PBXBuildFile; fileRef = 808AB340516F4963894D5129 /* Gilroy-RegularItalic.otf */; };
		D1F226847FAD43FBAC9B9F18 /* Gilroy-Semibold.otf in Resources */ = {isa = PBXBuildFile; fileRef = 0013D56AD45B4C36AB577C23 /* Gilroy-Semibold.otf */; };
		DFB93CFFB3534059ACD8C57D /* Gilroy-SemiboldItalic.otf in Resources */ = {isa = PBXBuildFile; fileRef = CD79C2F2FCE2471DBFAEB67B /* Gilroy-SemiboldItalic.otf */; };
		D7F9D1CE35B6499C9AA96CA4 /* Gilroy-Thin.otf in Resources */ = {isa = PBXBuildFile; fileRef = 5E5045D2695E47CF87DB0BF4 /* Gilroy-Thin.otf */; };
		BB418774804C45679D81DDAB /* Gilroy-ThinItalic.otf in Resources */ = {isa = PBXBuildFile; fileRef = 99BCA75D1383452E89C3BA8F /* Gilroy-ThinItalic.otf */; };
		3C9EADF312C1439F9D93147D /* Gilroy-UltraLight.otf in Resources */ = {isa = PBXBuildFile; fileRef = 4362B370DC794FF697D6D42E /* Gilroy-UltraLight.otf */; };
		5CF64ACFFA8342C0BA7735F2 /* Gilroy-UltraLightItalic.otf in Resources */ = {isa = PBXBuildFile; fileRef = 5360079D203C437F8CE1F9C8 /* Gilroy-UltraLightItalic.otf */; };
		DF057C5479EC4A19BE9FC56E /* AntDesign.ttf in Resources */ = {isa = PBXBuildFile; fileRef = CB23C6EC166D494DA6F04028 /* AntDesign.ttf */; };
		23E5F81EE67B435CA856C51A /* Entypo.ttf in Resources */ = {isa = PBXBuildFile; fileRef = B8A614B218944794B619542D /* Entypo.ttf */; };
		88750F0CAE13464081F879BA /* EvilIcons.ttf in Resources */ = {isa = PBXBuildFile; fileRef = E3B8CCDD41914D498D1806C1 /* EvilIcons.ttf */; };
		F2631F6A94AF41EF94341C96 /* Feather.ttf in Resources */ = {isa = PBXBuildFile; fileRef = 23F53BE789C44A478F6760D7 /* Feather.ttf */; };
		1431DE9DB6EB4CC6AA98A22D /* FontAwesome.ttf in Resources */ = {isa = PBXBuildFile; fileRef = AB2076B5F7FB47FF8A816B6D /* FontAwesome.ttf */; };
		F45C8126DC944FA1B913F93D /* FontAwesome5_Brands.ttf in Resources */ = {isa = PBXBuildFile; fileRef = FD259BCF30D74D3D91501C77 /* FontAwesome5_Brands.ttf */; };
		3FAE2CFB4C13436FBA49A2D4 /* FontAwesome5_Regular.ttf in Resources */ = {isa = PBXBuildFile; fileRef = 4D3D743DFB08468B92480BA1 /* FontAwesome5_Regular.ttf */; };
		B4F1CF0C4EF94174A14553BF /* FontAwesome5_Solid.ttf in Resources */ = {isa = PBXBuildFile; fileRef = FBFEA3F487174A78818889BC /* FontAwesome5_Solid.ttf */; };
		764581B9EFFD44B88D6BEFAC /* Fontisto.ttf in Resources */ = {isa = PBXBuildFile; fileRef = 8843417EB05B4DD4A9108011 /* Fontisto.ttf */; };
		2229C7AE17D14D74B630DF85 /* Foundation.ttf in Resources */ = {isa = PBXBuildFile; fileRef = F73DA57FB5CD4AD1B87F9DEF /* Foundation.ttf */; };
		4055DE87B14F4855BD1953AA /* Ionicons.ttf in Resources */ = {isa = PBXBuildFile; fileRef = 3E1E02736901451693540ECF /* Ionicons.ttf */; };
		22FBA6B3CA764965BC0C825D /* MaterialCommunityIcons.ttf in Resources */ = {isa = PBXBuildFile; fileRef = 7290FA5D5A4045D994D63CDF /* MaterialCommunityIcons.ttf */; };
		E880CE9B13FE4B6D936FEABE /* MaterialIcons.ttf in Resources */ = {isa = PBXBuildFile; fileRef = 1DDED96A7635477AB342073B /* MaterialIcons.ttf */; };
		63A109973EA2404F9B766C7F /* Octicons.ttf in Resources */ = {isa = PBXBuildFile; fileRef = 185741AFECCE4231BD966657 /* Octicons.ttf */; };
		72638F94AE26425383A83269 /* SimpleLineIcons.ttf in Resources */ = {isa = PBXBuildFile; fileRef = FAEF698470BE4A6386F7A6D5 /* SimpleLineIcons.ttf */; };
		40265823866C43629F3266C1 /* Zocial.ttf in Resources */ = {isa = PBXBuildFile; fileRef = 3F32B9BDFBCE42268C456952 /* Zocial.ttf */; };
=======
		6000BDEA4ED84645B1AA9655 /* AntDesign.ttf in Resources */ = {isa = PBXBuildFile; fileRef = 880138FDE64945B99348C64D /* AntDesign.ttf */; };
		45AD7AAA910C4D209F773C75 /* Entypo.ttf in Resources */ = {isa = PBXBuildFile; fileRef = 279A976AF55B4CA4891CE802 /* Entypo.ttf */; };
		FD41166518144D0992161EC8 /* EvilIcons.ttf in Resources */ = {isa = PBXBuildFile; fileRef = FC7671F51657466398B88EFE /* EvilIcons.ttf */; };
		54ED1291DBBE4D76A76268EA /* Feather.ttf in Resources */ = {isa = PBXBuildFile; fileRef = 273066E758604EDE8E8D8022 /* Feather.ttf */; };
		A322756EEAC44DA5B763D592 /* FontAwesome.ttf in Resources */ = {isa = PBXBuildFile; fileRef = E66B377BA7214F30A227E12B /* FontAwesome.ttf */; };
		BA8AB5AB6218457CA7869124 /* FontAwesome5_Brands.ttf in Resources */ = {isa = PBXBuildFile; fileRef = 58D5794BFAF64B6BA6D53BB4 /* FontAwesome5_Brands.ttf */; };
		8F90036D82F141FEBA990961 /* FontAwesome5_Regular.ttf in Resources */ = {isa = PBXBuildFile; fileRef = F0CF511B2B164FB9AEEB15C0 /* FontAwesome5_Regular.ttf */; };
		B963D45CCA064E9F924FBA27 /* FontAwesome5_Solid.ttf in Resources */ = {isa = PBXBuildFile; fileRef = C3C6B86FEC624DDF8F2C3CE8 /* FontAwesome5_Solid.ttf */; };
		81BAE643E40A4A9687FF63BD /* Fontisto.ttf in Resources */ = {isa = PBXBuildFile; fileRef = 349830235570429493AAC45A /* Fontisto.ttf */; };
		17C0B51665FE450784AA8F6D /* Foundation.ttf in Resources */ = {isa = PBXBuildFile; fileRef = 1F91711422E340D796B5B932 /* Foundation.ttf */; };
		7DE3F5AA542444F58D42696A /* Ionicons.ttf in Resources */ = {isa = PBXBuildFile; fileRef = 2B25AE3F9B7C4CBA9D2811CF /* Ionicons.ttf */; };
		CB95C6EF1E42444587024EB9 /* MaterialCommunityIcons.ttf in Resources */ = {isa = PBXBuildFile; fileRef = EEDE9856D00745058392A017 /* MaterialCommunityIcons.ttf */; };
		833017BC141F4F908791B977 /* MaterialIcons.ttf in Resources */ = {isa = PBXBuildFile; fileRef = 2E6519EAE73944D3A6E09E91 /* MaterialIcons.ttf */; };
		A5C101F0AB4D48809D5AA3B8 /* Octicons.ttf in Resources */ = {isa = PBXBuildFile; fileRef = 9A9A9771C99246E49C7BEC0D /* Octicons.ttf */; };
		16D5629E497341BAB75485C9 /* SimpleLineIcons.ttf in Resources */ = {isa = PBXBuildFile; fileRef = 4D4ADD19C24849ADACF4CEC4 /* SimpleLineIcons.ttf */; };
		0BB87731F65D413E8EFC755E /* Zocial.ttf in Resources */ = {isa = PBXBuildFile; fileRef = 8C18021F14AD49CA8E3B70FE /* Zocial.ttf */; };
>>>>>>> main
/* End PBXBuildFile section */

/* Begin PBXContainerItemProxy section */
		00E356F41AD99517003FC87E /* PBXContainerItemProxy */ = {
			isa = PBXContainerItemProxy;
			containerPortal = 83CBB9F71A601CBA00E9B192 /* Project object */;
			proxyType = 1;
			remoteGlobalIDString = 13B07F861A680F5B00A75B9A;
			remoteInfo = SayacApp;
		};
/* End PBXContainerItemProxy section */

/* Begin PBXFileReference section */
		00E356EE1AD99517003FC87E /* SayacAppTests.xctest */ = {isa = PBXFileReference; explicitFileType = wrapper.cfbundle; includeInIndex = 0; path = SayacAppTests.xctest; sourceTree = BUILT_PRODUCTS_DIR; };
		00E356F11AD99517003FC87E /* Info.plist */ = {isa = PBXFileReference; lastKnownFileType = text.plist.xml; path = Info.plist; sourceTree = "<group>"; };
		00E356F21AD99517003FC87E /* SayacAppTests.m */ = {isa = PBXFileReference; lastKnownFileType = sourcecode.c.objc; path = SayacAppTests.m; sourceTree = "<group>"; };
		13B07F961A680F5B00A75B9A /* SayacApp.app */ = {isa = PBXFileReference; explicitFileType = wrapper.application; includeInIndex = 0; path = SayacApp.app; sourceTree = BUILT_PRODUCTS_DIR; };
		13B07FAF1A68108700A75B9A /* AppDelegate.h */ = {isa = PBXFileReference; fileEncoding = 4; lastKnownFileType = sourcecode.c.h; name = AppDelegate.h; path = SayacApp/AppDelegate.h; sourceTree = "<group>"; };
		13B07FB01A68108700A75B9A /* AppDelegate.m */ = {isa = PBXFileReference; fileEncoding = 4; lastKnownFileType = sourcecode.c.objc; name = AppDelegate.m; path = SayacApp/AppDelegate.m; sourceTree = "<group>"; };
		13B07FB51A68108700A75B9A /* Images.xcassets */ = {isa = PBXFileReference; lastKnownFileType = folder.assetcatalog; name = Images.xcassets; path = SayacApp/Images.xcassets; sourceTree = "<group>"; };
		13B07FB61A68108700A75B9A /* Info.plist */ = {isa = PBXFileReference; fileEncoding = 4; lastKnownFileType = text.plist.xml; name = Info.plist; path = SayacApp/Info.plist; sourceTree = "<group>"; };
		13B07FB71A68108700A75B9A /* main.m */ = {isa = PBXFileReference; fileEncoding = 4; lastKnownFileType = sourcecode.c.objc; name = main.m; path = SayacApp/main.m; sourceTree = "<group>"; };
		81AB9BB72411601600AC10FF /* LaunchScreen.storyboard */ = {isa = PBXFileReference; fileEncoding = 4; lastKnownFileType = file.storyboard; name = LaunchScreen.storyboard; path = SayacApp/LaunchScreen.storyboard; sourceTree = "<group>"; };
		ED297162215061F000B7C4FE /* JavaScriptCore.framework */ = {isa = PBXFileReference; lastKnownFileType = wrapper.framework; name = JavaScriptCore.framework; path = System/Library/Frameworks/JavaScriptCore.framework; sourceTree = SDKROOT; };
<<<<<<< HEAD
		804A0CFEB7484FFDBF647BED /* Gilroy-Black.otf */ = {isa = PBXFileReference; name = "Gilroy-Black.otf"; path = "../src/assets/fonts/Gilroy-Black.otf"; sourceTree = "<group>"; fileEncoding = undefined; lastKnownFileType = unknown; explicitFileType = undefined; includeInIndex = 0; };
		598C7A71B8FD40C0AD472EC6 /* Gilroy-BlackItalic.otf */ = {isa = PBXFileReference; name = "Gilroy-BlackItalic.otf"; path = "../src/assets/fonts/Gilroy-BlackItalic.otf"; sourceTree = "<group>"; fileEncoding = undefined; lastKnownFileType = unknown; explicitFileType = undefined; includeInIndex = 0; };
		A4E450DFD3FF4A0ABFCF50EB /* Gilroy-Bold.otf */ = {isa = PBXFileReference; name = "Gilroy-Bold.otf"; path = "../src/assets/fonts/Gilroy-Bold.otf"; sourceTree = "<group>"; fileEncoding = undefined; lastKnownFileType = unknown; explicitFileType = undefined; includeInIndex = 0; };
		81448288F7534202AE45DDCE /* Gilroy-BoldItalic.otf */ = {isa = PBXFileReference; name = "Gilroy-BoldItalic.otf"; path = "../src/assets/fonts/Gilroy-BoldItalic.otf"; sourceTree = "<group>"; fileEncoding = undefined; lastKnownFileType = unknown; explicitFileType = undefined; includeInIndex = 0; };
		E135096A7D924285A9AAF6EC /* Gilroy-Extrabold.otf */ = {isa = PBXFileReference; name = "Gilroy-Extrabold.otf"; path = "../src/assets/fonts/Gilroy-Extrabold.otf"; sourceTree = "<group>"; fileEncoding = undefined; lastKnownFileType = unknown; explicitFileType = undefined; includeInIndex = 0; };
		0E79EC7282A74376B8DECEE5 /* Gilroy-ExtraboldItalic.otf */ = {isa = PBXFileReference; name = "Gilroy-ExtraboldItalic.otf"; path = "../src/assets/fonts/Gilroy-ExtraboldItalic.otf"; sourceTree = "<group>"; fileEncoding = undefined; lastKnownFileType = unknown; explicitFileType = undefined; includeInIndex = 0; };
		499F013427414BD99EF1D330 /* Gilroy-Heavy.otf */ = {isa = PBXFileReference; name = "Gilroy-Heavy.otf"; path = "../src/assets/fonts/Gilroy-Heavy.otf"; sourceTree = "<group>"; fileEncoding = undefined; lastKnownFileType = unknown; explicitFileType = undefined; includeInIndex = 0; };
		43C17ECBD6CE4EA2A7EF301C /* Gilroy-HeavyItalic.otf */ = {isa = PBXFileReference; name = "Gilroy-HeavyItalic.otf"; path = "../src/assets/fonts/Gilroy-HeavyItalic.otf"; sourceTree = "<group>"; fileEncoding = undefined; lastKnownFileType = unknown; explicitFileType = undefined; includeInIndex = 0; };
		6335C4FC1E994289A1AB5721 /* Gilroy-Light.otf */ = {isa = PBXFileReference; name = "Gilroy-Light.otf"; path = "../src/assets/fonts/Gilroy-Light.otf"; sourceTree = "<group>"; fileEncoding = undefined; lastKnownFileType = unknown; explicitFileType = undefined; includeInIndex = 0; };
		974D5B42B67445FA8EEC7277 /* Gilroy-LightItalic.otf */ = {isa = PBXFileReference; name = "Gilroy-LightItalic.otf"; path = "../src/assets/fonts/Gilroy-LightItalic.otf"; sourceTree = "<group>"; fileEncoding = undefined; lastKnownFileType = unknown; explicitFileType = undefined; includeInIndex = 0; };
		1BEB98B249474FFB81FEE47E /* Gilroy-Medium.otf */ = {isa = PBXFileReference; name = "Gilroy-Medium.otf"; path = "../src/assets/fonts/Gilroy-Medium.otf"; sourceTree = "<group>"; fileEncoding = undefined; lastKnownFileType = unknown; explicitFileType = undefined; includeInIndex = 0; };
		2337B37EC7B54E9EB5753951 /* Gilroy-MediumItalic.otf */ = {isa = PBXFileReference; name = "Gilroy-MediumItalic.otf"; path = "../src/assets/fonts/Gilroy-MediumItalic.otf"; sourceTree = "<group>"; fileEncoding = undefined; lastKnownFileType = unknown; explicitFileType = undefined; includeInIndex = 0; };
		AEF0F821589F48D78D5C3C13 /* Gilroy-Regular.otf */ = {isa = PBXFileReference; name = "Gilroy-Regular.otf"; path = "../src/assets/fonts/Gilroy-Regular.otf"; sourceTree = "<group>"; fileEncoding = undefined; lastKnownFileType = unknown; explicitFileType = undefined; includeInIndex = 0; };
		808AB340516F4963894D5129 /* Gilroy-RegularItalic.otf */ = {isa = PBXFileReference; name = "Gilroy-RegularItalic.otf"; path = "../src/assets/fonts/Gilroy-RegularItalic.otf"; sourceTree = "<group>"; fileEncoding = undefined; lastKnownFileType = unknown; explicitFileType = undefined; includeInIndex = 0; };
		0013D56AD45B4C36AB577C23 /* Gilroy-Semibold.otf */ = {isa = PBXFileReference; name = "Gilroy-Semibold.otf"; path = "../src/assets/fonts/Gilroy-Semibold.otf"; sourceTree = "<group>"; fileEncoding = undefined; lastKnownFileType = unknown; explicitFileType = undefined; includeInIndex = 0; };
		CD79C2F2FCE2471DBFAEB67B /* Gilroy-SemiboldItalic.otf */ = {isa = PBXFileReference; name = "Gilroy-SemiboldItalic.otf"; path = "../src/assets/fonts/Gilroy-SemiboldItalic.otf"; sourceTree = "<group>"; fileEncoding = undefined; lastKnownFileType = unknown; explicitFileType = undefined; includeInIndex = 0; };
		5E5045D2695E47CF87DB0BF4 /* Gilroy-Thin.otf */ = {isa = PBXFileReference; name = "Gilroy-Thin.otf"; path = "../src/assets/fonts/Gilroy-Thin.otf"; sourceTree = "<group>"; fileEncoding = undefined; lastKnownFileType = unknown; explicitFileType = undefined; includeInIndex = 0; };
		99BCA75D1383452E89C3BA8F /* Gilroy-ThinItalic.otf */ = {isa = PBXFileReference; name = "Gilroy-ThinItalic.otf"; path = "../src/assets/fonts/Gilroy-ThinItalic.otf"; sourceTree = "<group>"; fileEncoding = undefined; lastKnownFileType = unknown; explicitFileType = undefined; includeInIndex = 0; };
		4362B370DC794FF697D6D42E /* Gilroy-UltraLight.otf */ = {isa = PBXFileReference; name = "Gilroy-UltraLight.otf"; path = "../src/assets/fonts/Gilroy-UltraLight.otf"; sourceTree = "<group>"; fileEncoding = undefined; lastKnownFileType = unknown; explicitFileType = undefined; includeInIndex = 0; };
		5360079D203C437F8CE1F9C8 /* Gilroy-UltraLightItalic.otf */ = {isa = PBXFileReference; name = "Gilroy-UltraLightItalic.otf"; path = "../src/assets/fonts/Gilroy-UltraLightItalic.otf"; sourceTree = "<group>"; fileEncoding = undefined; lastKnownFileType = unknown; explicitFileType = undefined; includeInIndex = 0; };
		CB23C6EC166D494DA6F04028 /* AntDesign.ttf */ = {isa = PBXFileReference; name = "AntDesign.ttf"; path = "../node_modules/react-native-vector-icons/Fonts/AntDesign.ttf"; sourceTree = "<group>"; fileEncoding = undefined; lastKnownFileType = unknown; explicitFileType = undefined; includeInIndex = 0; };
		B8A614B218944794B619542D /* Entypo.ttf */ = {isa = PBXFileReference; name = "Entypo.ttf"; path = "../node_modules/react-native-vector-icons/Fonts/Entypo.ttf"; sourceTree = "<group>"; fileEncoding = undefined; lastKnownFileType = unknown; explicitFileType = undefined; includeInIndex = 0; };
		E3B8CCDD41914D498D1806C1 /* EvilIcons.ttf */ = {isa = PBXFileReference; name = "EvilIcons.ttf"; path = "../node_modules/react-native-vector-icons/Fonts/EvilIcons.ttf"; sourceTree = "<group>"; fileEncoding = undefined; lastKnownFileType = unknown; explicitFileType = undefined; includeInIndex = 0; };
		23F53BE789C44A478F6760D7 /* Feather.ttf */ = {isa = PBXFileReference; name = "Feather.ttf"; path = "../node_modules/react-native-vector-icons/Fonts/Feather.ttf"; sourceTree = "<group>"; fileEncoding = undefined; lastKnownFileType = unknown; explicitFileType = undefined; includeInIndex = 0; };
		AB2076B5F7FB47FF8A816B6D /* FontAwesome.ttf */ = {isa = PBXFileReference; name = "FontAwesome.ttf"; path = "../node_modules/react-native-vector-icons/Fonts/FontAwesome.ttf"; sourceTree = "<group>"; fileEncoding = undefined; lastKnownFileType = unknown; explicitFileType = undefined; includeInIndex = 0; };
		FD259BCF30D74D3D91501C77 /* FontAwesome5_Brands.ttf */ = {isa = PBXFileReference; name = "FontAwesome5_Brands.ttf"; path = "../node_modules/react-native-vector-icons/Fonts/FontAwesome5_Brands.ttf"; sourceTree = "<group>"; fileEncoding = undefined; lastKnownFileType = unknown; explicitFileType = undefined; includeInIndex = 0; };
		4D3D743DFB08468B92480BA1 /* FontAwesome5_Regular.ttf */ = {isa = PBXFileReference; name = "FontAwesome5_Regular.ttf"; path = "../node_modules/react-native-vector-icons/Fonts/FontAwesome5_Regular.ttf"; sourceTree = "<group>"; fileEncoding = undefined; lastKnownFileType = unknown; explicitFileType = undefined; includeInIndex = 0; };
		FBFEA3F487174A78818889BC /* FontAwesome5_Solid.ttf */ = {isa = PBXFileReference; name = "FontAwesome5_Solid.ttf"; path = "../node_modules/react-native-vector-icons/Fonts/FontAwesome5_Solid.ttf"; sourceTree = "<group>"; fileEncoding = undefined; lastKnownFileType = unknown; explicitFileType = undefined; includeInIndex = 0; };
		8843417EB05B4DD4A9108011 /* Fontisto.ttf */ = {isa = PBXFileReference; name = "Fontisto.ttf"; path = "../node_modules/react-native-vector-icons/Fonts/Fontisto.ttf"; sourceTree = "<group>"; fileEncoding = undefined; lastKnownFileType = unknown; explicitFileType = undefined; includeInIndex = 0; };
		F73DA57FB5CD4AD1B87F9DEF /* Foundation.ttf */ = {isa = PBXFileReference; name = "Foundation.ttf"; path = "../node_modules/react-native-vector-icons/Fonts/Foundation.ttf"; sourceTree = "<group>"; fileEncoding = undefined; lastKnownFileType = unknown; explicitFileType = undefined; includeInIndex = 0; };
		3E1E02736901451693540ECF /* Ionicons.ttf */ = {isa = PBXFileReference; name = "Ionicons.ttf"; path = "../node_modules/react-native-vector-icons/Fonts/Ionicons.ttf"; sourceTree = "<group>"; fileEncoding = undefined; lastKnownFileType = unknown; explicitFileType = undefined; includeInIndex = 0; };
		7290FA5D5A4045D994D63CDF /* MaterialCommunityIcons.ttf */ = {isa = PBXFileReference; name = "MaterialCommunityIcons.ttf"; path = "../node_modules/react-native-vector-icons/Fonts/MaterialCommunityIcons.ttf"; sourceTree = "<group>"; fileEncoding = undefined; lastKnownFileType = unknown; explicitFileType = undefined; includeInIndex = 0; };
		1DDED96A7635477AB342073B /* MaterialIcons.ttf */ = {isa = PBXFileReference; name = "MaterialIcons.ttf"; path = "../node_modules/react-native-vector-icons/Fonts/MaterialIcons.ttf"; sourceTree = "<group>"; fileEncoding = undefined; lastKnownFileType = unknown; explicitFileType = undefined; includeInIndex = 0; };
		185741AFECCE4231BD966657 /* Octicons.ttf */ = {isa = PBXFileReference; name = "Octicons.ttf"; path = "../node_modules/react-native-vector-icons/Fonts/Octicons.ttf"; sourceTree = "<group>"; fileEncoding = undefined; lastKnownFileType = unknown; explicitFileType = undefined; includeInIndex = 0; };
		FAEF698470BE4A6386F7A6D5 /* SimpleLineIcons.ttf */ = {isa = PBXFileReference; name = "SimpleLineIcons.ttf"; path = "../node_modules/react-native-vector-icons/Fonts/SimpleLineIcons.ttf"; sourceTree = "<group>"; fileEncoding = undefined; lastKnownFileType = unknown; explicitFileType = undefined; includeInIndex = 0; };
		3F32B9BDFBCE42268C456952 /* Zocial.ttf */ = {isa = PBXFileReference; name = "Zocial.ttf"; path = "../node_modules/react-native-vector-icons/Fonts/Zocial.ttf"; sourceTree = "<group>"; fileEncoding = undefined; lastKnownFileType = unknown; explicitFileType = undefined; includeInIndex = 0; };
=======
		880138FDE64945B99348C64D /* AntDesign.ttf */ = {isa = PBXFileReference; name = "AntDesign.ttf"; path = "../node_modules/react-native-vector-icons/Fonts/AntDesign.ttf"; sourceTree = "<group>"; fileEncoding = undefined; lastKnownFileType = unknown; explicitFileType = undefined; includeInIndex = 0; };
		279A976AF55B4CA4891CE802 /* Entypo.ttf */ = {isa = PBXFileReference; name = "Entypo.ttf"; path = "../node_modules/react-native-vector-icons/Fonts/Entypo.ttf"; sourceTree = "<group>"; fileEncoding = undefined; lastKnownFileType = unknown; explicitFileType = undefined; includeInIndex = 0; };
		FC7671F51657466398B88EFE /* EvilIcons.ttf */ = {isa = PBXFileReference; name = "EvilIcons.ttf"; path = "../node_modules/react-native-vector-icons/Fonts/EvilIcons.ttf"; sourceTree = "<group>"; fileEncoding = undefined; lastKnownFileType = unknown; explicitFileType = undefined; includeInIndex = 0; };
		273066E758604EDE8E8D8022 /* Feather.ttf */ = {isa = PBXFileReference; name = "Feather.ttf"; path = "../node_modules/react-native-vector-icons/Fonts/Feather.ttf"; sourceTree = "<group>"; fileEncoding = undefined; lastKnownFileType = unknown; explicitFileType = undefined; includeInIndex = 0; };
		E66B377BA7214F30A227E12B /* FontAwesome.ttf */ = {isa = PBXFileReference; name = "FontAwesome.ttf"; path = "../node_modules/react-native-vector-icons/Fonts/FontAwesome.ttf"; sourceTree = "<group>"; fileEncoding = undefined; lastKnownFileType = unknown; explicitFileType = undefined; includeInIndex = 0; };
		58D5794BFAF64B6BA6D53BB4 /* FontAwesome5_Brands.ttf */ = {isa = PBXFileReference; name = "FontAwesome5_Brands.ttf"; path = "../node_modules/react-native-vector-icons/Fonts/FontAwesome5_Brands.ttf"; sourceTree = "<group>"; fileEncoding = undefined; lastKnownFileType = unknown; explicitFileType = undefined; includeInIndex = 0; };
		F0CF511B2B164FB9AEEB15C0 /* FontAwesome5_Regular.ttf */ = {isa = PBXFileReference; name = "FontAwesome5_Regular.ttf"; path = "../node_modules/react-native-vector-icons/Fonts/FontAwesome5_Regular.ttf"; sourceTree = "<group>"; fileEncoding = undefined; lastKnownFileType = unknown; explicitFileType = undefined; includeInIndex = 0; };
		C3C6B86FEC624DDF8F2C3CE8 /* FontAwesome5_Solid.ttf */ = {isa = PBXFileReference; name = "FontAwesome5_Solid.ttf"; path = "../node_modules/react-native-vector-icons/Fonts/FontAwesome5_Solid.ttf"; sourceTree = "<group>"; fileEncoding = undefined; lastKnownFileType = unknown; explicitFileType = undefined; includeInIndex = 0; };
		349830235570429493AAC45A /* Fontisto.ttf */ = {isa = PBXFileReference; name = "Fontisto.ttf"; path = "../node_modules/react-native-vector-icons/Fonts/Fontisto.ttf"; sourceTree = "<group>"; fileEncoding = undefined; lastKnownFileType = unknown; explicitFileType = undefined; includeInIndex = 0; };
		1F91711422E340D796B5B932 /* Foundation.ttf */ = {isa = PBXFileReference; name = "Foundation.ttf"; path = "../node_modules/react-native-vector-icons/Fonts/Foundation.ttf"; sourceTree = "<group>"; fileEncoding = undefined; lastKnownFileType = unknown; explicitFileType = undefined; includeInIndex = 0; };
		2B25AE3F9B7C4CBA9D2811CF /* Ionicons.ttf */ = {isa = PBXFileReference; name = "Ionicons.ttf"; path = "../node_modules/react-native-vector-icons/Fonts/Ionicons.ttf"; sourceTree = "<group>"; fileEncoding = undefined; lastKnownFileType = unknown; explicitFileType = undefined; includeInIndex = 0; };
		EEDE9856D00745058392A017 /* MaterialCommunityIcons.ttf */ = {isa = PBXFileReference; name = "MaterialCommunityIcons.ttf"; path = "../node_modules/react-native-vector-icons/Fonts/MaterialCommunityIcons.ttf"; sourceTree = "<group>"; fileEncoding = undefined; lastKnownFileType = unknown; explicitFileType = undefined; includeInIndex = 0; };
		2E6519EAE73944D3A6E09E91 /* MaterialIcons.ttf */ = {isa = PBXFileReference; name = "MaterialIcons.ttf"; path = "../node_modules/react-native-vector-icons/Fonts/MaterialIcons.ttf"; sourceTree = "<group>"; fileEncoding = undefined; lastKnownFileType = unknown; explicitFileType = undefined; includeInIndex = 0; };
		9A9A9771C99246E49C7BEC0D /* Octicons.ttf */ = {isa = PBXFileReference; name = "Octicons.ttf"; path = "../node_modules/react-native-vector-icons/Fonts/Octicons.ttf"; sourceTree = "<group>"; fileEncoding = undefined; lastKnownFileType = unknown; explicitFileType = undefined; includeInIndex = 0; };
		4D4ADD19C24849ADACF4CEC4 /* SimpleLineIcons.ttf */ = {isa = PBXFileReference; name = "SimpleLineIcons.ttf"; path = "../node_modules/react-native-vector-icons/Fonts/SimpleLineIcons.ttf"; sourceTree = "<group>"; fileEncoding = undefined; lastKnownFileType = unknown; explicitFileType = undefined; includeInIndex = 0; };
		8C18021F14AD49CA8E3B70FE /* Zocial.ttf */ = {isa = PBXFileReference; name = "Zocial.ttf"; path = "../node_modules/react-native-vector-icons/Fonts/Zocial.ttf"; sourceTree = "<group>"; fileEncoding = undefined; lastKnownFileType = unknown; explicitFileType = undefined; includeInIndex = 0; };
>>>>>>> main
/* End PBXFileReference section */

/* Begin PBXFrameworksBuildPhase section */
		00E356EB1AD99517003FC87E /* Frameworks */ = {
			isa = PBXFrameworksBuildPhase;
			buildActionMask = 2147483647;
			files = (
			);
			runOnlyForDeploymentPostprocessing = 0;
		};
		13B07F8C1A680F5B00A75B9A /* Frameworks */ = {
			isa = PBXFrameworksBuildPhase;
			buildActionMask = 2147483647;
			files = (
			);
			runOnlyForDeploymentPostprocessing = 0;
		};
/* End PBXFrameworksBuildPhase section */

/* Begin PBXGroup section */
		00E356EF1AD99517003FC87E /* SayacAppTests */ = {
			isa = PBXGroup;
			children = (
				00E356F21AD99517003FC87E /* SayacAppTests.m */,
				00E356F01AD99517003FC87E /* Supporting Files */,
			);
			path = SayacAppTests;
			sourceTree = "<group>";
		};
		00E356F01AD99517003FC87E /* Supporting Files */ = {
			isa = PBXGroup;
			children = (
				00E356F11AD99517003FC87E /* Info.plist */,
			);
			name = "Supporting Files";
			sourceTree = "<group>";
		};
		13B07FAE1A68108700A75B9A /* SayacApp */ = {
			isa = PBXGroup;
			children = (
				13B07FAF1A68108700A75B9A /* AppDelegate.h */,
				13B07FB01A68108700A75B9A /* AppDelegate.m */,
				13B07FB51A68108700A75B9A /* Images.xcassets */,
				13B07FB61A68108700A75B9A /* Info.plist */,
				81AB9BB72411601600AC10FF /* LaunchScreen.storyboard */,
				13B07FB71A68108700A75B9A /* main.m */,
			);
			name = SayacApp;
			sourceTree = "<group>";
		};
		2D16E6871FA4F8E400B85C8A /* Frameworks */ = {
			isa = PBXGroup;
			children = (
				ED297162215061F000B7C4FE /* JavaScriptCore.framework */,
			);
			name = Frameworks;
			sourceTree = "<group>";
		};
		832341AE1AAA6A7D00B99B32 /* Libraries */ = {
			isa = PBXGroup;
			children = (
			);
			name = Libraries;
			sourceTree = "<group>";
		};
		83CBB9F61A601CBA00E9B192 = {
			isa = PBXGroup;
			children = (
				13B07FAE1A68108700A75B9A /* SayacApp */,
				832341AE1AAA6A7D00B99B32 /* Libraries */,
				00E356EF1AD99517003FC87E /* SayacAppTests */,
				83CBBA001A601CBA00E9B192 /* Products */,
				2D16E6871FA4F8E400B85C8A /* Frameworks */,
<<<<<<< HEAD
				B8899CA067A94C32870E27DB /* Resources */,
=======
				172B82BA7432491EBEF7E312 /* Resources */,
>>>>>>> main
			);
			indentWidth = 2;
			sourceTree = "<group>";
			tabWidth = 2;
			usesTabs = 0;
		};
		83CBBA001A601CBA00E9B192 /* Products */ = {
			isa = PBXGroup;
			children = (
				13B07F961A680F5B00A75B9A /* SayacApp.app */,
				00E356EE1AD99517003FC87E /* SayacAppTests.xctest */,
			);
			name = Products;
			sourceTree = "<group>";
		};
<<<<<<< HEAD
		B8899CA067A94C32870E27DB /* Resources */ = {
			isa = "PBXGroup";
			children = (
				804A0CFEB7484FFDBF647BED /* Gilroy-Black.otf */,
				598C7A71B8FD40C0AD472EC6 /* Gilroy-BlackItalic.otf */,
				A4E450DFD3FF4A0ABFCF50EB /* Gilroy-Bold.otf */,
				81448288F7534202AE45DDCE /* Gilroy-BoldItalic.otf */,
				E135096A7D924285A9AAF6EC /* Gilroy-Extrabold.otf */,
				0E79EC7282A74376B8DECEE5 /* Gilroy-ExtraboldItalic.otf */,
				499F013427414BD99EF1D330 /* Gilroy-Heavy.otf */,
				43C17ECBD6CE4EA2A7EF301C /* Gilroy-HeavyItalic.otf */,
				6335C4FC1E994289A1AB5721 /* Gilroy-Light.otf */,
				974D5B42B67445FA8EEC7277 /* Gilroy-LightItalic.otf */,
				1BEB98B249474FFB81FEE47E /* Gilroy-Medium.otf */,
				2337B37EC7B54E9EB5753951 /* Gilroy-MediumItalic.otf */,
				AEF0F821589F48D78D5C3C13 /* Gilroy-Regular.otf */,
				808AB340516F4963894D5129 /* Gilroy-RegularItalic.otf */,
				0013D56AD45B4C36AB577C23 /* Gilroy-Semibold.otf */,
				CD79C2F2FCE2471DBFAEB67B /* Gilroy-SemiboldItalic.otf */,
				5E5045D2695E47CF87DB0BF4 /* Gilroy-Thin.otf */,
				99BCA75D1383452E89C3BA8F /* Gilroy-ThinItalic.otf */,
				4362B370DC794FF697D6D42E /* Gilroy-UltraLight.otf */,
				5360079D203C437F8CE1F9C8 /* Gilroy-UltraLightItalic.otf */,
				CB23C6EC166D494DA6F04028 /* AntDesign.ttf */,
				B8A614B218944794B619542D /* Entypo.ttf */,
				E3B8CCDD41914D498D1806C1 /* EvilIcons.ttf */,
				23F53BE789C44A478F6760D7 /* Feather.ttf */,
				AB2076B5F7FB47FF8A816B6D /* FontAwesome.ttf */,
				FD259BCF30D74D3D91501C77 /* FontAwesome5_Brands.ttf */,
				4D3D743DFB08468B92480BA1 /* FontAwesome5_Regular.ttf */,
				FBFEA3F487174A78818889BC /* FontAwesome5_Solid.ttf */,
				8843417EB05B4DD4A9108011 /* Fontisto.ttf */,
				F73DA57FB5CD4AD1B87F9DEF /* Foundation.ttf */,
				3E1E02736901451693540ECF /* Ionicons.ttf */,
				7290FA5D5A4045D994D63CDF /* MaterialCommunityIcons.ttf */,
				1DDED96A7635477AB342073B /* MaterialIcons.ttf */,
				185741AFECCE4231BD966657 /* Octicons.ttf */,
				FAEF698470BE4A6386F7A6D5 /* SimpleLineIcons.ttf */,
				3F32B9BDFBCE42268C456952 /* Zocial.ttf */,
=======
		172B82BA7432491EBEF7E312 /* Resources */ = {
			isa = "PBXGroup";
			children = (
				880138FDE64945B99348C64D /* AntDesign.ttf */,
				279A976AF55B4CA4891CE802 /* Entypo.ttf */,
				FC7671F51657466398B88EFE /* EvilIcons.ttf */,
				273066E758604EDE8E8D8022 /* Feather.ttf */,
				E66B377BA7214F30A227E12B /* FontAwesome.ttf */,
				58D5794BFAF64B6BA6D53BB4 /* FontAwesome5_Brands.ttf */,
				F0CF511B2B164FB9AEEB15C0 /* FontAwesome5_Regular.ttf */,
				C3C6B86FEC624DDF8F2C3CE8 /* FontAwesome5_Solid.ttf */,
				349830235570429493AAC45A /* Fontisto.ttf */,
				1F91711422E340D796B5B932 /* Foundation.ttf */,
				2B25AE3F9B7C4CBA9D2811CF /* Ionicons.ttf */,
				EEDE9856D00745058392A017 /* MaterialCommunityIcons.ttf */,
				2E6519EAE73944D3A6E09E91 /* MaterialIcons.ttf */,
				9A9A9771C99246E49C7BEC0D /* Octicons.ttf */,
				4D4ADD19C24849ADACF4CEC4 /* SimpleLineIcons.ttf */,
				8C18021F14AD49CA8E3B70FE /* Zocial.ttf */,
>>>>>>> main
			);
			name = Resources;
			sourceTree = "<group>";
			path = "";
		};
/* End PBXGroup section */

/* Begin PBXNativeTarget section */
		00E356ED1AD99517003FC87E /* SayacAppTests */ = {
			isa = PBXNativeTarget;
			buildConfigurationList = 00E357021AD99517003FC87E /* Build configuration list for PBXNativeTarget "SayacAppTests" */;
			buildPhases = (
				00E356EA1AD99517003FC87E /* Sources */,
				00E356EB1AD99517003FC87E /* Frameworks */,
				00E356EC1AD99517003FC87E /* Resources */,
			);
			buildRules = (
			);
			dependencies = (
				00E356F51AD99517003FC87E /* PBXTargetDependency */,
			);
			name = SayacAppTests;
			productName = SayacAppTests;
			productReference = 00E356EE1AD99517003FC87E /* SayacAppTests.xctest */;
			productType = "com.apple.product-type.bundle.unit-test";
		};
		13B07F861A680F5B00A75B9A /* SayacApp */ = {
			isa = PBXNativeTarget;
			buildConfigurationList = 13B07F931A680F5B00A75B9A /* Build configuration list for PBXNativeTarget "SayacApp" */;
			buildPhases = (
				FD10A7F022414F080027D42C /* Start Packager */,
				13B07F871A680F5B00A75B9A /* Sources */,
				13B07F8C1A680F5B00A75B9A /* Frameworks */,
				13B07F8E1A680F5B00A75B9A /* Resources */,
				00DD1BFF1BD5951E006B06BC /* Bundle React Native code and images */,
			);
			buildRules = (
			);
			dependencies = (
			);
			name = SayacApp;
			productName = SayacApp;
			productReference = 13B07F961A680F5B00A75B9A /* SayacApp.app */;
			productType = "com.apple.product-type.application";
		};
/* End PBXNativeTarget section */

/* Begin PBXProject section */
		83CBB9F71A601CBA00E9B192 /* Project object */ = {
			isa = PBXProject;
			attributes = {
				LastUpgradeCheck = 1210;
				TargetAttributes = {
					00E356ED1AD99517003FC87E = {
						CreatedOnToolsVersion = 6.2;
						TestTargetID = 13B07F861A680F5B00A75B9A;
					};
					13B07F861A680F5B00A75B9A = {
						LastSwiftMigration = 1120;
					};
				};
			};
			buildConfigurationList = 83CBB9FA1A601CBA00E9B192 /* Build configuration list for PBXProject "SayacApp" */;
			compatibilityVersion = "Xcode 12.0";
			developmentRegion = en;
			hasScannedForEncodings = 0;
			knownRegions = (
				en,
				Base,
			);
			mainGroup = 83CBB9F61A601CBA00E9B192;
			productRefGroup = 83CBBA001A601CBA00E9B192 /* Products */;
			projectDirPath = "";
			projectRoot = "";
			targets = (
				13B07F861A680F5B00A75B9A /* SayacApp */,
				00E356ED1AD99517003FC87E /* SayacAppTests */,
			);
		};
/* End PBXProject section */

/* Begin PBXResourcesBuildPhase section */
		00E356EC1AD99517003FC87E /* Resources */ = {
			isa = PBXResourcesBuildPhase;
			buildActionMask = 2147483647;
			files = (
			);
			runOnlyForDeploymentPostprocessing = 0;
		};
		13B07F8E1A680F5B00A75B9A /* Resources */ = {
			isa = PBXResourcesBuildPhase;
			buildActionMask = 2147483647;
			files = (
				81AB9BB82411601600AC10FF /* LaunchScreen.storyboard in Resources */,
				13B07FBF1A68108700A75B9A /* Images.xcassets in Resources */,
<<<<<<< HEAD
				593E1AD3E46443129DDCB31A /* Gilroy-Black.otf in Resources */,
				B441575CA00844578D7CC9FF /* Gilroy-BlackItalic.otf in Resources */,
				580F035A237D476C83DE3195 /* Gilroy-Bold.otf in Resources */,
				B5D6AB8B551443F3BF51BB13 /* Gilroy-BoldItalic.otf in Resources */,
				9F06E0AC64F84F57A3142A20 /* Gilroy-Extrabold.otf in Resources */,
				AD38A1F4521843C1AF680A4B /* Gilroy-ExtraboldItalic.otf in Resources */,
				5820C2141727432F8C0204FD /* Gilroy-Heavy.otf in Resources */,
				2FB8ABC9A46F4AEAA7D7A085 /* Gilroy-HeavyItalic.otf in Resources */,
				EE4120D8A0B5436795269970 /* Gilroy-Light.otf in Resources */,
				24416D451D5F434AAE214897 /* Gilroy-LightItalic.otf in Resources */,
				00987D70244E44A7BD1E28B3 /* Gilroy-Medium.otf in Resources */,
				339B1199A6D6460A970A6AE6 /* Gilroy-MediumItalic.otf in Resources */,
				0D2C28EB35B140858DDED22F /* Gilroy-Regular.otf in Resources */,
				875A0545B0D14D09AE735D8D /* Gilroy-RegularItalic.otf in Resources */,
				D1F226847FAD43FBAC9B9F18 /* Gilroy-Semibold.otf in Resources */,
				DFB93CFFB3534059ACD8C57D /* Gilroy-SemiboldItalic.otf in Resources */,
				D7F9D1CE35B6499C9AA96CA4 /* Gilroy-Thin.otf in Resources */,
				BB418774804C45679D81DDAB /* Gilroy-ThinItalic.otf in Resources */,
				3C9EADF312C1439F9D93147D /* Gilroy-UltraLight.otf in Resources */,
				5CF64ACFFA8342C0BA7735F2 /* Gilroy-UltraLightItalic.otf in Resources */,
				DF057C5479EC4A19BE9FC56E /* AntDesign.ttf in Resources */,
				23E5F81EE67B435CA856C51A /* Entypo.ttf in Resources */,
				88750F0CAE13464081F879BA /* EvilIcons.ttf in Resources */,
				F2631F6A94AF41EF94341C96 /* Feather.ttf in Resources */,
				1431DE9DB6EB4CC6AA98A22D /* FontAwesome.ttf in Resources */,
				F45C8126DC944FA1B913F93D /* FontAwesome5_Brands.ttf in Resources */,
				3FAE2CFB4C13436FBA49A2D4 /* FontAwesome5_Regular.ttf in Resources */,
				B4F1CF0C4EF94174A14553BF /* FontAwesome5_Solid.ttf in Resources */,
				764581B9EFFD44B88D6BEFAC /* Fontisto.ttf in Resources */,
				2229C7AE17D14D74B630DF85 /* Foundation.ttf in Resources */,
				4055DE87B14F4855BD1953AA /* Ionicons.ttf in Resources */,
				22FBA6B3CA764965BC0C825D /* MaterialCommunityIcons.ttf in Resources */,
				E880CE9B13FE4B6D936FEABE /* MaterialIcons.ttf in Resources */,
				63A109973EA2404F9B766C7F /* Octicons.ttf in Resources */,
				72638F94AE26425383A83269 /* SimpleLineIcons.ttf in Resources */,
				40265823866C43629F3266C1 /* Zocial.ttf in Resources */,
=======
				6000BDEA4ED84645B1AA9655 /* AntDesign.ttf in Resources */,
				45AD7AAA910C4D209F773C75 /* Entypo.ttf in Resources */,
				FD41166518144D0992161EC8 /* EvilIcons.ttf in Resources */,
				54ED1291DBBE4D76A76268EA /* Feather.ttf in Resources */,
				A322756EEAC44DA5B763D592 /* FontAwesome.ttf in Resources */,
				BA8AB5AB6218457CA7869124 /* FontAwesome5_Brands.ttf in Resources */,
				8F90036D82F141FEBA990961 /* FontAwesome5_Regular.ttf in Resources */,
				B963D45CCA064E9F924FBA27 /* FontAwesome5_Solid.ttf in Resources */,
				81BAE643E40A4A9687FF63BD /* Fontisto.ttf in Resources */,
				17C0B51665FE450784AA8F6D /* Foundation.ttf in Resources */,
				7DE3F5AA542444F58D42696A /* Ionicons.ttf in Resources */,
				CB95C6EF1E42444587024EB9 /* MaterialCommunityIcons.ttf in Resources */,
				833017BC141F4F908791B977 /* MaterialIcons.ttf in Resources */,
				A5C101F0AB4D48809D5AA3B8 /* Octicons.ttf in Resources */,
				16D5629E497341BAB75485C9 /* SimpleLineIcons.ttf in Resources */,
				0BB87731F65D413E8EFC755E /* Zocial.ttf in Resources */,
>>>>>>> main
			);
			runOnlyForDeploymentPostprocessing = 0;
		};
/* End PBXResourcesBuildPhase section */

/* Begin PBXShellScriptBuildPhase section */
		00DD1BFF1BD5951E006B06BC /* Bundle React Native code and images */ = {
			isa = PBXShellScriptBuildPhase;
			buildActionMask = 2147483647;
			files = (
			);
			inputPaths = (
			);
			name = "Bundle React Native code and images";
			outputPaths = (
			);
			runOnlyForDeploymentPostprocessing = 0;
			shellPath = /bin/sh;
			shellScript = "set -e\n\nexport NODE_BINARY=node\n../node_modules/react-native/scripts/react-native-xcode.sh\n";
		};
		FD10A7F022414F080027D42C /* Start Packager */ = {
			isa = PBXShellScriptBuildPhase;
			buildActionMask = 2147483647;
			files = (
			);
			inputFileListPaths = (
			);
			inputPaths = (
			);
			name = "Start Packager";
			outputFileListPaths = (
			);
			outputPaths = (
			);
			runOnlyForDeploymentPostprocessing = 0;
			shellPath = /bin/sh;
			shellScript = "export RCT_METRO_PORT=\"${RCT_METRO_PORT:=8081}\"\necho \"export RCT_METRO_PORT=${RCT_METRO_PORT}\" > \"${SRCROOT}/../node_modules/react-native/scripts/.packager.env\"\nif [ -z \"${RCT_NO_LAUNCH_PACKAGER+xxx}\" ] ; then\n  if nc -w 5 -z localhost ${RCT_METRO_PORT} ; then\n    if ! curl -s \"http://localhost:${RCT_METRO_PORT}/status\" | grep -q \"packager-status:running\" ; then\n      echo \"Port ${RCT_METRO_PORT} already in use, packager is either not running or not running correctly\"\n      exit 2\n    fi\n  else\n    open \"$SRCROOT/../node_modules/react-native/scripts/launchPackager.command\" || echo \"Can't start packager automatically\"\n  fi\nfi\n";
			showEnvVarsInLog = 0;
		};
/* End PBXShellScriptBuildPhase section */

/* Begin PBXSourcesBuildPhase section */
		00E356EA1AD99517003FC87E /* Sources */ = {
			isa = PBXSourcesBuildPhase;
			buildActionMask = 2147483647;
			files = (
				00E356F31AD99517003FC87E /* SayacAppTests.m in Sources */,
			);
			runOnlyForDeploymentPostprocessing = 0;
		};
		13B07F871A680F5B00A75B9A /* Sources */ = {
			isa = PBXSourcesBuildPhase;
			buildActionMask = 2147483647;
			files = (
				13B07FBC1A68108700A75B9A /* AppDelegate.m in Sources */,
				13B07FC11A68108700A75B9A /* main.m in Sources */,
			);
			runOnlyForDeploymentPostprocessing = 0;
		};
/* End PBXSourcesBuildPhase section */

/* Begin PBXTargetDependency section */
		00E356F51AD99517003FC87E /* PBXTargetDependency */ = {
			isa = PBXTargetDependency;
			target = 13B07F861A680F5B00A75B9A /* SayacApp */;
			targetProxy = 00E356F41AD99517003FC87E /* PBXContainerItemProxy */;
		};
/* End PBXTargetDependency section */

/* Begin XCBuildConfiguration section */
		00E356F61AD99517003FC87E /* Debug */ = {
			isa = XCBuildConfiguration;
			buildSettings = {
				BUNDLE_LOADER = "$(TEST_HOST)";
				GCC_PREPROCESSOR_DEFINITIONS = (
					"DEBUG=1",
					"$(inherited)",
				);
				INFOPLIST_FILE = SayacAppTests/Info.plist;
				IPHONEOS_DEPLOYMENT_TARGET = 10.0;
				LD_RUNPATH_SEARCH_PATHS = (
					"$(inherited)",
					"@executable_path/Frameworks",
					"@loader_path/Frameworks",
				);
				OTHER_LDFLAGS = (
					"-ObjC",
					"-lc++",
					"$(inherited)",
				);
				PRODUCT_BUNDLE_IDENTIFIER = "org.reactjs.native.example.$(PRODUCT_NAME:rfc1034identifier)";
				PRODUCT_NAME = "$(TARGET_NAME)";
				TEST_HOST = "$(BUILT_PRODUCTS_DIR)/SayacApp.app/SayacApp";
			};
			name = Debug;
		};
		00E356F71AD99517003FC87E /* Release */ = {
			isa = XCBuildConfiguration;
			buildSettings = {
				BUNDLE_LOADER = "$(TEST_HOST)";
				COPY_PHASE_STRIP = NO;
				INFOPLIST_FILE = SayacAppTests/Info.plist;
				IPHONEOS_DEPLOYMENT_TARGET = 10.0;
				LD_RUNPATH_SEARCH_PATHS = (
					"$(inherited)",
					"@executable_path/Frameworks",
					"@loader_path/Frameworks",
				);
				OTHER_LDFLAGS = (
					"-ObjC",
					"-lc++",
					"$(inherited)",
				);
				PRODUCT_BUNDLE_IDENTIFIER = "org.reactjs.native.example.$(PRODUCT_NAME:rfc1034identifier)";
				PRODUCT_NAME = "$(TARGET_NAME)";
				TEST_HOST = "$(BUILT_PRODUCTS_DIR)/SayacApp.app/SayacApp";
			};
			name = Release;
		};
		13B07F941A680F5B00A75B9A /* Debug */ = {
			isa = XCBuildConfiguration;
			buildSettings = {
				ASSETCATALOG_COMPILER_APPICON_NAME = AppIcon;
				CLANG_ENABLE_MODULES = YES;
				CURRENT_PROJECT_VERSION = 1;
				ENABLE_BITCODE = NO;
				INFOPLIST_FILE = SayacApp/Info.plist;
				LD_RUNPATH_SEARCH_PATHS = (
					"$(inherited)",
					"@executable_path/Frameworks",
				);
				OTHER_LDFLAGS = (
					"$(inherited)",
					"-ObjC",
					"-lc++",
				);
				PRODUCT_BUNDLE_IDENTIFIER = "org.reactjs.native.example.$(PRODUCT_NAME:rfc1034identifier)";
				PRODUCT_NAME = SayacApp;
				SWIFT_OPTIMIZATION_LEVEL = "-Onone";
				SWIFT_VERSION = 5.0;
				VERSIONING_SYSTEM = "apple-generic";
			};
			name = Debug;
		};
		13B07F951A680F5B00A75B9A /* Release */ = {
			isa = XCBuildConfiguration;
			buildSettings = {
				ASSETCATALOG_COMPILER_APPICON_NAME = AppIcon;
				CLANG_ENABLE_MODULES = YES;
				CURRENT_PROJECT_VERSION = 1;
				INFOPLIST_FILE = SayacApp/Info.plist;
				LD_RUNPATH_SEARCH_PATHS = (
					"$(inherited)",
					"@executable_path/Frameworks",
				);
				OTHER_LDFLAGS = (
					"$(inherited)",
					"-ObjC",
					"-lc++",
				);
				PRODUCT_BUNDLE_IDENTIFIER = "org.reactjs.native.example.$(PRODUCT_NAME:rfc1034identifier)";
				PRODUCT_NAME = SayacApp;
				SWIFT_VERSION = 5.0;
				VERSIONING_SYSTEM = "apple-generic";
			};
			name = Release;
		};
		83CBBA201A601CBA00E9B192 /* Debug */ = {
			isa = XCBuildConfiguration;
			buildSettings = {
				ALWAYS_SEARCH_USER_PATHS = NO;
				CLANG_ANALYZER_LOCALIZABILITY_NONLOCALIZED = YES;
				CLANG_CXX_LANGUAGE_STANDARD = "gnu++0x";
				CLANG_CXX_LIBRARY = "libc++";
				CLANG_ENABLE_MODULES = YES;
				CLANG_ENABLE_OBJC_ARC = YES;
				CLANG_WARN_BLOCK_CAPTURE_AUTORELEASING = YES;
				CLANG_WARN_BOOL_CONVERSION = YES;
				CLANG_WARN_COMMA = YES;
				CLANG_WARN_CONSTANT_CONVERSION = YES;
				CLANG_WARN_DEPRECATED_OBJC_IMPLEMENTATIONS = YES;
				CLANG_WARN_DIRECT_OBJC_ISA_USAGE = YES_ERROR;
				CLANG_WARN_EMPTY_BODY = YES;
				CLANG_WARN_ENUM_CONVERSION = YES;
				CLANG_WARN_INFINITE_RECURSION = YES;
				CLANG_WARN_INT_CONVERSION = YES;
				CLANG_WARN_NON_LITERAL_NULL_CONVERSION = YES;
				CLANG_WARN_OBJC_IMPLICIT_RETAIN_SELF = YES;
				CLANG_WARN_OBJC_LITERAL_CONVERSION = YES;
				CLANG_WARN_OBJC_ROOT_CLASS = YES_ERROR;
				CLANG_WARN_QUOTED_INCLUDE_IN_FRAMEWORK_HEADER = YES;
				CLANG_WARN_RANGE_LOOP_ANALYSIS = YES;
				CLANG_WARN_STRICT_PROTOTYPES = YES;
				CLANG_WARN_SUSPICIOUS_MOVE = YES;
				CLANG_WARN_UNREACHABLE_CODE = YES;
				CLANG_WARN__DUPLICATE_METHOD_MATCH = YES;
				"CODE_SIGN_IDENTITY[sdk=iphoneos*]" = "iPhone Developer";
				COPY_PHASE_STRIP = NO;
				ENABLE_STRICT_OBJC_MSGSEND = YES;
				ENABLE_TESTABILITY = YES;
				GCC_C_LANGUAGE_STANDARD = gnu99;
				GCC_DYNAMIC_NO_PIC = NO;
				GCC_NO_COMMON_BLOCKS = YES;
				GCC_OPTIMIZATION_LEVEL = 0;
				GCC_PREPROCESSOR_DEFINITIONS = (
					"DEBUG=1",
					"$(inherited)",
				);
				GCC_SYMBOLS_PRIVATE_EXTERN = NO;
				GCC_WARN_64_TO_32_BIT_CONVERSION = YES;
				GCC_WARN_ABOUT_RETURN_TYPE = YES_ERROR;
				GCC_WARN_UNDECLARED_SELECTOR = YES;
				GCC_WARN_UNINITIALIZED_AUTOS = YES_AGGRESSIVE;
				GCC_WARN_UNUSED_FUNCTION = YES;
				GCC_WARN_UNUSED_VARIABLE = YES;
				IPHONEOS_DEPLOYMENT_TARGET = 10.0;
				LD_RUNPATH_SEARCH_PATHS = (
					/usr/lib/swift,
					"$(inherited)",
				);
				LIBRARY_SEARCH_PATHS = (
					"\"$(TOOLCHAIN_DIR)/usr/lib/swift/$(PLATFORM_NAME)\"",
					"\"$(TOOLCHAIN_DIR)/usr/lib/swift-5.0/$(PLATFORM_NAME)\"",
					"\"$(inherited)\"",
				);
				MTL_ENABLE_DEBUG_INFO = YES;
				ONLY_ACTIVE_ARCH = YES;
				SDKROOT = iphoneos;
			};
			name = Debug;
		};
		83CBBA211A601CBA00E9B192 /* Release */ = {
			isa = XCBuildConfiguration;
			buildSettings = {
				ALWAYS_SEARCH_USER_PATHS = NO;
				CLANG_ANALYZER_LOCALIZABILITY_NONLOCALIZED = YES;
				CLANG_CXX_LANGUAGE_STANDARD = "gnu++0x";
				CLANG_CXX_LIBRARY = "libc++";
				CLANG_ENABLE_MODULES = YES;
				CLANG_ENABLE_OBJC_ARC = YES;
				CLANG_WARN_BLOCK_CAPTURE_AUTORELEASING = YES;
				CLANG_WARN_BOOL_CONVERSION = YES;
				CLANG_WARN_COMMA = YES;
				CLANG_WARN_CONSTANT_CONVERSION = YES;
				CLANG_WARN_DEPRECATED_OBJC_IMPLEMENTATIONS = YES;
				CLANG_WARN_DIRECT_OBJC_ISA_USAGE = YES_ERROR;
				CLANG_WARN_EMPTY_BODY = YES;
				CLANG_WARN_ENUM_CONVERSION = YES;
				CLANG_WARN_INFINITE_RECURSION = YES;
				CLANG_WARN_INT_CONVERSION = YES;
				CLANG_WARN_NON_LITERAL_NULL_CONVERSION = YES;
				CLANG_WARN_OBJC_IMPLICIT_RETAIN_SELF = YES;
				CLANG_WARN_OBJC_LITERAL_CONVERSION = YES;
				CLANG_WARN_OBJC_ROOT_CLASS = YES_ERROR;
				CLANG_WARN_QUOTED_INCLUDE_IN_FRAMEWORK_HEADER = YES;
				CLANG_WARN_RANGE_LOOP_ANALYSIS = YES;
				CLANG_WARN_STRICT_PROTOTYPES = YES;
				CLANG_WARN_SUSPICIOUS_MOVE = YES;
				CLANG_WARN_UNREACHABLE_CODE = YES;
				CLANG_WARN__DUPLICATE_METHOD_MATCH = YES;
				"CODE_SIGN_IDENTITY[sdk=iphoneos*]" = "iPhone Developer";
				COPY_PHASE_STRIP = YES;
				ENABLE_NS_ASSERTIONS = NO;
				ENABLE_STRICT_OBJC_MSGSEND = YES;
				GCC_C_LANGUAGE_STANDARD = gnu99;
				GCC_NO_COMMON_BLOCKS = YES;
				GCC_WARN_64_TO_32_BIT_CONVERSION = YES;
				GCC_WARN_ABOUT_RETURN_TYPE = YES_ERROR;
				GCC_WARN_UNDECLARED_SELECTOR = YES;
				GCC_WARN_UNINITIALIZED_AUTOS = YES_AGGRESSIVE;
				GCC_WARN_UNUSED_FUNCTION = YES;
				GCC_WARN_UNUSED_VARIABLE = YES;
				IPHONEOS_DEPLOYMENT_TARGET = 10.0;
				LD_RUNPATH_SEARCH_PATHS = (
					/usr/lib/swift,
					"$(inherited)",
				);
				LIBRARY_SEARCH_PATHS = (
					"\"$(TOOLCHAIN_DIR)/usr/lib/swift/$(PLATFORM_NAME)\"",
					"\"$(TOOLCHAIN_DIR)/usr/lib/swift-5.0/$(PLATFORM_NAME)\"",
					"\"$(inherited)\"",
				);
				MTL_ENABLE_DEBUG_INFO = NO;
				SDKROOT = iphoneos;
				VALIDATE_PRODUCT = YES;
			};
			name = Release;
		};
/* End XCBuildConfiguration section */

/* Begin XCConfigurationList section */
		00E357021AD99517003FC87E /* Build configuration list for PBXNativeTarget "SayacAppTests" */ = {
			isa = XCConfigurationList;
			buildConfigurations = (
				00E356F61AD99517003FC87E /* Debug */,
				00E356F71AD99517003FC87E /* Release */,
			);
			defaultConfigurationIsVisible = 0;
			defaultConfigurationName = Release;
		};
		13B07F931A680F5B00A75B9A /* Build configuration list for PBXNativeTarget "SayacApp" */ = {
			isa = XCConfigurationList;
			buildConfigurations = (
				13B07F941A680F5B00A75B9A /* Debug */,
				13B07F951A680F5B00A75B9A /* Release */,
			);
			defaultConfigurationIsVisible = 0;
			defaultConfigurationName = Release;
		};
		83CBB9FA1A601CBA00E9B192 /* Build configuration list for PBXProject "SayacApp" */ = {
			isa = XCConfigurationList;
			buildConfigurations = (
				83CBBA201A601CBA00E9B192 /* Debug */,
				83CBBA211A601CBA00E9B192 /* Release */,
			);
			defaultConfigurationIsVisible = 0;
			defaultConfigurationName = Release;
		};
/* End XCConfigurationList section */
	};
	rootObject = 83CBB9F71A601CBA00E9B192 /* Project object */;
}
